{
	"lockfileVersion": 1,
	"dependencies": {
		"@reactivex/rxjs": {
			"version": "5.5.2",
			"resolved": "https://registry.npmjs.org/@reactivex/rxjs/-/rxjs-5.5.2.tgz",
			"integrity": "sha512-4HGr/MW5mPa5KHY5eTfYMlDK1ETYYdRVz7GBwnNs5yxPnREJiktSKKJ7ueyM6Uzs937fMVfx/ivtAXHOqaixRA=="
		},
		"symbol-observable": {
			"version": "1.0.4",
			"resolved": "https://registry.npmjs.org/symbol-observable/-/symbol-observable-1.0.4.tgz",
			"integrity": "sha1-Kb9hXUqnEhvdiYsi1LP5vE4qoD0="
		}
	}
}
